
Microsoft Visual Studio Solution File, Format Version 12.00
# Visual Studio Version 16
VisualStudioVersion = 16.0.30503.244
MinimumVisualStudioVersion = 10.0.40219.1
Project("{F184B08F-C81C-45F6-A57F-5ABD9991F28F}") = "Calculadora2", "Calculadora2.vbproj", "{D8D985B3-A40C-438F-8EED-D93DB0AB33C8}"
EndProject
Global
	GlobalSection(SolutionConfigurationPlatforms) = preSolution
		Debug|Any CPU = Debug|Any CPU
		Release|Any CPU = Release|Any CPU
	EndGlobalSection
	GlobalSection(ProjectConfigurationPlatforms) = postSolution
		{D8D985B3-A40C-438F-8EED-D93DB0AB33C8}.Debug|Any CPU.ActiveCfg = Debug|Any CPU
		{D8D985B3-A40C-438F-8EED-D93DB0AB33C8}.Debug|Any CPU.Build.0 = Debug|Any CPU
		{D8D985B3-A40C-438F-8EED-D93DB0AB33C8}.Release|Any CPU.ActiveCfg = Release|Any CPU
		{D8D985B3-A40C-438F-8EED-D93DB0AB33C8}.Release|Any CPU.Build.0 = Release|Any CPU
	EndGlobalSection
	GlobalSection(SolutionProperties) = preSolution
		HideSolutionNode = FALSE
	EndGlobalSection
	GlobalSection(ExtensibilityGlobals) = postSolution
		SolutionGuid = {31213E62-8D70-4DFC-93C5-CBC1B40A2EDB}
	EndGlobalSection
EndGlobal
